
Microsoft Visual Studio Solution File, Format Version 11.00
# Visual Studio Version 17

Project("{8BC9CEB8-8B4A-11D0-8D11-00A0C91BC942}") = "WamSynth - Standalone Plugin", "WamSynth_StandalonePlugin.vcxproj", "{9BFA31DE-BBE9-29C5-31B8-FE25B4BC0A9E}"
	ProjectSection(ProjectDependencies) = postProject
		{BFCBAF5B-2285-6C00-3307-F3CF703E42D4} = {BFCBAF5B-2285-6C00-3307-F3CF703E42D4}
	EndProjectSection
EndProject
Project("{8BC9CEB8-8B4A-11D0-8D11-00A0C91BC942}") = "WamSynth - VST3", "WamSynth_VST3.vcxproj", "{29F726AF-30A5-68F6-F7FC-735D5A36106D}"
	ProjectSection(ProjectDependencies) = postProject
		{BFCBAF5B-2285-6C00-3307-F3CF703E42D4} = {BFCBAF5B-2285-6C00-3307-F3CF703E42D4}
		{C37C2188-75B1-1522-7A10-FCB17239091E} = {C37C2188-75B1-1522-7A10-FCB17239091E}
	EndProjectSection
EndProject
Project("{8BC9CEB8-8B4A-11D0-8D11-00A0C91BC942}") = "WamSynth - Shared Code", "WamSynth_SharedCode.vcxproj", "{BFCBAF5B-2285-6C00-3307-F3CF703E42D4}"
EndProject
Project("{8BC9CEB8-8B4A-11D0-8D11-00A0C91BC942}") = "WamSynth - VST3 Manifest Helper", "WamSynth_VST3ManifestHelper.vcxproj", "{C37C2188-75B1-1522-7A10-FCB17239091E}"
EndProject
Global
	GlobalSection(SolutionConfigurationPlatforms) = preSolution
		Debug|x64 = Debug|x64
		Release|x64 = Release|x64
	EndGlobalSection
	GlobalSection(ProjectConfigurationPlatforms) = postSolution
		{29F726AF-30A5-68F6-F7FC-735D5A36106D}.Debug|x64.ActiveCfg = Debug|x64
		{29F726AF-30A5-68F6-F7FC-735D5A36106D}.Debug|x64.Build.0 = Debug|x64
		{29F726AF-30A5-68F6-F7FC-735D5A36106D}.Release|x64.ActiveCfg = Release|x64
		{29F726AF-30A5-68F6-F7FC-735D5A36106D}.Release|x64.Build.0 = Release|x64
		{9BFA31DE-BBE9-29C5-31B8-FE25B4BC0A9E}.Debug|x64.ActiveCfg = Debug|x64
		{9BFA31DE-BBE9-29C5-31B8-FE25B4BC0A9E}.Debug|x64.Build.0 = Debug|x64
		{9BFA31DE-BBE9-29C5-31B8-FE25B4BC0A9E}.Release|x64.ActiveCfg = Release|x64
		{9BFA31DE-BBE9-29C5-31B8-FE25B4BC0A9E}.Release|x64.Build.0 = Release|x64
		{BFCBAF5B-2285-6C00-3307-F3CF703E42D4}.Debug|x64.ActiveCfg = Debug|x64
		{BFCBAF5B-2285-6C00-3307-F3CF703E42D4}.Debug|x64.Build.0 = Debug|x64
		{BFCBAF5B-2285-6C00-3307-F3CF703E42D4}.Release|x64.ActiveCfg = Release|x64
		{BFCBAF5B-2285-6C00-3307-F3CF703E42D4}.Release|x64.Build.0 = Release|x64
		{C37C2188-75B1-1522-7A10-FCB17239091E}.Debug|x64.ActiveCfg = Debug|x64
		{C37C2188-75B1-1522-7A10-FCB17239091E}.Debug|x64.Build.0 = Debug|x64
		{C37C2188-75B1-1522-7A10-FCB17239091E}.Release|x64.ActiveCfg = Release|x64
		{C37C2188-75B1-1522-7A10-FCB17239091E}.Release|x64.Build.0 = Release|x64
	EndGlobalSection
	GlobalSection(SolutionProperties) = preSolution
		HideSolutionNode = FALSE
	EndGlobalSection
EndGlobal
